{
  "version": 4,
  "terraform_version": "1.10.4",
  "serial": 1,
  "lineage": "41275064-dc76-9f8a-a731-6726be566790",
  "outputs": {},
  "resources": [
    {
      "mode": "managed",
      "type": "spotify_playlist",
      "name": "MyVibe",
      "provider": "provider[\"registry.terraform.io/conradludgate/spotify\"]",
      "instances": [
        {
          "schema_version": 0,
          "attributes": {
            "description": null,
            "id": "2tLwDbcZSkzoFtGw4biyKs",
            "name": "MyVibe",
            "public": true,
            "snapshot_id": "AAAAAsn9PwerF48sdzzqMGCHDQRY0Grh",
            "tracks": [
              "1Es7AUAhQvapIcoh3qMKDL"
            ]
          },
          "sensitive_attributes": [],
          "private": "bnVsbA=="
        }
      ]
    }
  ],
  "check_results": null
}
